
Microsoft Visual Studio Solution File, Format Version 12.00
# Visual Studio Version 16
VisualStudioVersion = 16.0.31019.35
MinimumVisualStudioVersion = 10.0.40219.1
Project("{FAE04EC0-301F-11D3-BF4B-00C04F79EFBC}") = "vugar8", "vugar8\vugar8.csproj", "{32D49C4B-0492-4F1D-852F-30759D6F168A}"
EndProject
Global
	GlobalSection(SolutionConfigurationPlatforms) = preSolution
		Debug|Any CPU = Debug|Any CPU
		Release|Any CPU = Release|Any CPU
	EndGlobalSection
	GlobalSection(ProjectConfigurationPlatforms) = postSolution
		{32D49C4B-0492-4F1D-852F-30759D6F168A}.Debug|Any CPU.ActiveCfg = Debug|Any CPU
		{32D49C4B-0492-4F1D-852F-30759D6F168A}.Debug|Any CPU.Build.0 = Debug|Any CPU
		{32D49C4B-0492-4F1D-852F-30759D6F168A}.Release|Any CPU.ActiveCfg = Release|Any CPU
		{32D49C4B-0492-4F1D-852F-30759D6F168A}.Release|Any CPU.Build.0 = Release|Any CPU
	EndGlobalSection
	GlobalSection(SolutionProperties) = preSolution
		HideSolutionNode = FALSE
	EndGlobalSection
	GlobalSection(ExtensibilityGlobals) = postSolution
		SolutionGuid = {8DD9E413-15DF-4EEE-A1C8-E9DD1215D627}
	EndGlobalSection
EndGlobal
